
Microsoft Visual Studio Solution File, Format Version 12.00
# Visual Studio Version 16
VisualStudioVersion = 16.0.29123.89
MinimumVisualStudioVersion = 10.0.40219.1
Project("{9A19103F-16F7-4668-BE54-9A1E7A4F7556}") = "ITMS.App", "ITMS.App\ITMS.App.csproj", "{04341E52-4E2E-45B5-A8CB-BE4F26FB6D24}"
EndProject
Project("{9A19103F-16F7-4668-BE54-9A1E7A4F7556}") = "ITMS.Integration.ESB", "ITMS.Integration.ESB\ITMS.Integration.ESB.csproj", "{D07E1B35-8E96-4061-B8D6-7EF1BE1DB340}"
EndProject
Project("{9A19103F-16F7-4668-BE54-9A1E7A4F7556}") = "ITMS.Models", "ITMS.Models\ITMS.Models.csproj", "{667AF11A-C3CD-41A0-81A1-339222F8D802}"
EndProject
Project("{9A19103F-16F7-4668-BE54-9A1E7A4F7556}") = "ITMS.Data", "ITMS.Data\ITMS.Data.csproj", "{65D60057-D89F-430A-8A5C-C0D0A0532FBF}"
EndProject
Global
	GlobalSection(SolutionConfigurationPlatforms) = preSolution
		Debug|Any CPU = Debug|Any CPU
		Release|Any CPU = Release|Any CPU
	EndGlobalSection
	GlobalSection(ProjectConfigurationPlatforms) = postSolution
		{04341E52-4E2E-45B5-A8CB-BE4F26FB6D24}.Debug|Any CPU.ActiveCfg = Debug|Any CPU
		{04341E52-4E2E-45B5-A8CB-BE4F26FB6D24}.Debug|Any CPU.Build.0 = Debug|Any CPU
		{04341E52-4E2E-45B5-A8CB-BE4F26FB6D24}.Release|Any CPU.ActiveCfg = Release|Any CPU
		{04341E52-4E2E-45B5-A8CB-BE4F26FB6D24}.Release|Any CPU.Build.0 = Release|Any CPU
		{D07E1B35-8E96-4061-B8D6-7EF1BE1DB340}.Debug|Any CPU.ActiveCfg = Debug|Any CPU
		{D07E1B35-8E96-4061-B8D6-7EF1BE1DB340}.Debug|Any CPU.Build.0 = Debug|Any CPU
		{D07E1B35-8E96-4061-B8D6-7EF1BE1DB340}.Release|Any CPU.ActiveCfg = Release|Any CPU
		{D07E1B35-8E96-4061-B8D6-7EF1BE1DB340}.Release|Any CPU.Build.0 = Release|Any CPU
		{667AF11A-C3CD-41A0-81A1-339222F8D802}.Debug|Any CPU.ActiveCfg = Debug|Any CPU
		{667AF11A-C3CD-41A0-81A1-339222F8D802}.Debug|Any CPU.Build.0 = Debug|Any CPU
		{667AF11A-C3CD-41A0-81A1-339222F8D802}.Release|Any CPU.ActiveCfg = Release|Any CPU
		{667AF11A-C3CD-41A0-81A1-339222F8D802}.Release|Any CPU.Build.0 = Release|Any CPU
		{65D60057-D89F-430A-8A5C-C0D0A0532FBF}.Debug|Any CPU.ActiveCfg = Debug|Any CPU
		{65D60057-D89F-430A-8A5C-C0D0A0532FBF}.Debug|Any CPU.Build.0 = Debug|Any CPU
		{65D60057-D89F-430A-8A5C-C0D0A0532FBF}.Release|Any CPU.ActiveCfg = Release|Any CPU
		{65D60057-D89F-430A-8A5C-C0D0A0532FBF}.Release|Any CPU.Build.0 = Release|Any CPU
	EndGlobalSection
	GlobalSection(SolutionProperties) = preSolution
		HideSolutionNode = FALSE
	EndGlobalSection
	GlobalSection(ExtensibilityGlobals) = postSolution
		SolutionGuid = {973E9701-7889-4A90-9B98-DF4C79680C48}
	EndGlobalSection
EndGlobal
